
Microsoft Visual Studio Solution File, Format Version 11.00
# Visual Studio 2010
Project("{FAE04EC0-301F-11D3-BF4B-00C04F79EFBC}") = "Mo'Salah", "Assembly-CSharp.csproj", "{913621A2-A0FA-08E2-BB10-4367F16FC4B7}"
EndProject
Global
	GlobalSection(SolutionConfigurationPlatforms) = preSolution
		Debug|Any CPU = Debug|Any CPU
		Release|Any CPU = Release|Any CPU
	EndGlobalSection
	GlobalSection(ProjectConfigurationPlatforms) = postSolution
		{913621A2-A0FA-08E2-BB10-4367F16FC4B7}.Debug|Any CPU.ActiveCfg = Debug|Any CPU
		{913621A2-A0FA-08E2-BB10-4367F16FC4B7}.Debug|Any CPU.Build.0 = Debug|Any CPU
		{913621A2-A0FA-08E2-BB10-4367F16FC4B7}.Release|Any CPU.ActiveCfg = Release|Any CPU
		{913621A2-A0FA-08E2-BB10-4367F16FC4B7}.Release|Any CPU.Build.0 = Release|Any CPU
	EndGlobalSection
	GlobalSection(SolutionProperties) = preSolution
		HideSolutionNode = FALSE
	EndGlobalSection
	GlobalSection(MonoDevelopProperties) = preSolution
		StartupItem = Assembly-CSharp.csproj
	EndGlobalSection
EndGlobal
